{
  "object": {
    "pins": [
      {
        "package": "Alamofire",
        "repositoryURL": "https://github.com/Alamofire/Alamofire.git",
        "state": {
          "branch": null,
          "revision": "eaf6e622dd41b07b251d8f01752eab31bc811493",
          "version": "5.4.1"
        }
      },
      {
        "package": "AlamofireImage",
        "repositoryURL": "https://github.com/Alamofire/AlamofireImage.git",
        "state": {
          "branch": null,
          "revision": "3e8edbeb75227f8542aa87f90240cf0424d6362f",
          "version": "4.1.0"
        }
      },
      {
        "package": "HeliumLogger",
        "repositoryURL": "https://github.com/Kitura/HeliumLogger.git",
        "state": {
          "branch": null,
          "revision": "55fd2f0b70793017acee853c53cfcf8da0bd8d8d",
          "version": "1.9.200"
        }
      },
      {
        "package": "LoggerAPI",
        "repositoryURL": "https://github.com/Kitura/LoggerAPI.git",
        "state": {
          "branch": null,
          "revision": "e82d34eab3f0b05391082b11ea07d3b70d2f65bb",
          "version": "1.9.200"
        }
      },
      {
        "package": "RxDataSources",
        "repositoryURL": "https://github.com/RxSwiftCommunity/RxDataSources.git",
        "state": {
          "branch": null,
          "revision": "90c29b48b628479097fe775ed1966d75ac374518",
          "version": "5.0.2"
        }
      },
      {
        "package": "RxGesture",
        "repositoryURL": "https://github.com/RxSwiftCommunity/RxGesture.git",
        "state": {
          "branch": "main",
          "revision": "e9f94dfd39efe5b2914ac9463d4193b9e340779c",
          "version": null
        }
      },
      {
        "package": "RxKeyboard",
        "repositoryURL": "https://github.com/RxSwiftCommunity/RxKeyboard.git",
        "state": {
          "branch": null,
          "revision": "63f6377975c962a1d89f012a6f1e5bebb2c502b7",
          "version": "2.0.1"
        }
      },
      {
        "package": "RxSwift",
        "repositoryURL": "https://github.com/ReactiveX/RxSwift.git",
        "state": {
          "branch": null,
          "revision": "9dcaa4b333db437b0fbfaf453fad29069044a8b4",
          "version": "6.6.0"
        }
      },
      {
        "package": "RxSwiftExt",
        "repositoryURL": "https://github.com/RxSwiftCommunity/RxSwiftExt.git",
        "state": {
          "branch": null,
          "revision": "a42af9caeab63f2dbde318f1f3dc424f05871a37",
          "version": "6.1.0"
        }
      },
      {
        "package": "swift-log",
        "repositoryURL": "https://github.com/apple/swift-log.git",
        "state": {
          "branch": null,
          "revision": "173f567a2dfec11d74588eea82cecea555bdc0bc",
          "version": "1.4.0"
        }
      }
    ]
  },
  "version": 1
}
